// !$*UTF8*$!
{
	archiveVersion = 1;
	classes = {
	};
	objectVersion = 56;
	objects = {

/* Begin PBXBuildFile section */
		BD40A6002A41AD8A002E0533 /* AppDelegate.swift in Sources */ = {isa = PBXBuildFile; fileRef = BD40A5FF2A41AD8A002E0533 /* AppDelegate.swift */; };
		BD40A6042A41AD8A002E0533 /* ViewController.swift in Sources */ = {isa = PBXBuildFile; fileRef = BD40A6032A41AD8A002E0533 /* ViewController.swift */; };
		BD40A6092A41AD8B002E0533 /* Assets.xcassets in Resources */ = {isa = PBXBuildFile; fileRef = BD40A6082A41AD8B002E0533 /* Assets.xcassets */; };
		BD40A60C2A41AD8B002E0533 /* LaunchScreen.storyboard in Resources */ = {isa = PBXBuildFile; fileRef = BD40A60A2A41AD8B002E0533 /* LaunchScreen.storyboard */; };
		BD40A6142A41ADE2002E0533 /* Secrets.swift in Sources */ = {isa = PBXBuildFile; fileRef = BD40A6132A41ADE2002E0533 /* Secrets.swift */; };
		BD40A6172A41AF3B002E0533 /* ArticleList.swift in Sources */ = {isa = PBXBuildFile; fileRef = BD40A6162A41AF3B002E0533 /* ArticleList.swift */; };
		BD40A61A2A41B06C002E0533 /* RxCocoa in Frameworks */ = {isa = PBXBuildFile; productRef = BD40A6192A41B06C002E0533 /* RxCocoa */; };
		BD40A61C2A41B06C002E0533 /* RxSwift in Frameworks */ = {isa = PBXBuildFile; productRef = BD40A61B2A41B06C002E0533 /* RxSwift */; };
		BD40A61F2A41B07A002E0533 /* HttpClient.swift in Sources */ = {isa = PBXBuildFile; fileRef = BD40A61E2A41B07A002E0533 /* HttpClient.swift */; };
		BD40A6222A41B0B9002E0533 /* LocalClient.swift in Sources */ = {isa = PBXBuildFile; fileRef = BD40A6212A41B0B9002E0533 /* LocalClient.swift */; };
		BD40A6242A41B17F002E0533 /* Status.swift in Sources */ = {isa = PBXBuildFile; fileRef = BD40A6232A41B17F002E0533 /* Status.swift */; };
		BD40A6272A41B22B002E0533 /* Fetcher.swift in Sources */ = {isa = PBXBuildFile; fileRef = BD40A6262A41B22B002E0533 /* Fetcher.swift */; };
		BD40A6292A41B2B4002E0533 /* Config.swift in Sources */ = {isa = PBXBuildFile; fileRef = BD40A6282A41B2B4002E0533 /* Config.swift */; };
		BD40A62C2A41C0AB002E0533 /* ArticleCell.swift in Sources */ = {isa = PBXBuildFile; fileRef = BD40A62B2A41C0AB002E0533 /* ArticleCell.swift */; };
		BD5A5D382A90A0A7000F6DA8 /* Product.swift in Sources */ = {isa = PBXBuildFile; fileRef = BD5A5D372A90A0A7000F6DA8 /* Product.swift */; };
		BD5A5D3A2A90A140000F6DA8 /* Networking.swift in Sources */ = {isa = PBXBuildFile; fileRef = BD5A5D392A90A140000F6DA8 /* Networking.swift */; };
		BD5A5D402A93560C000F6DA8 /* Moya in Frameworks */ = {isa = PBXBuildFile; productRef = BD5A5D3F2A93560C000F6DA8 /* Moya */; };
		BD5A5D422A93560C000F6DA8 /* RxMoya in Frameworks */ = {isa = PBXBuildFile; productRef = BD5A5D412A93560C000F6DA8 /* RxMoya */; };
		BD5A5D442A935765000F6DA8 /* ProductCell.swift in Sources */ = {isa = PBXBuildFile; fileRef = BD5A5D432A935765000F6DA8 /* ProductCell.swift */; };
		BD5A5D482A935880000F6DA8 /* ProductAPI.swift in Sources */ = {isa = PBXBuildFile; fileRef = BD5A5D472A935880000F6DA8 /* ProductAPI.swift */; };
		BD5A5D4A2A93589C000F6DA8 /* ProductService.swift in Sources */ = {isa = PBXBuildFile; fileRef = BD5A5D492A93589C000F6DA8 /* ProductService.swift */; };
		BD5A5D4F2A936003000F6DA8 /* ProductRemoteDataSource.swift in Sources */ = {isa = PBXBuildFile; fileRef = BD5A5D4E2A936003000F6DA8 /* ProductRemoteDataSource.swift */; };
		BD5A5D512A93600F000F6DA8 /* ProductRepository.swift in Sources */ = {isa = PBXBuildFile; fileRef = BD5A5D502A93600F000F6DA8 /* ProductRepository.swift */; };
		BD5A5D532A936027000F6DA8 /* ProductLocalDataSource.swift in Sources */ = {isa = PBXBuildFile; fileRef = BD5A5D522A936027000F6DA8 /* ProductLocalDataSource.swift */; };
		BD5A5D562A936F80000F6DA8 /* ProductViewModel.swift in Sources */ = {isa = PBXBuildFile; fileRef = BD5A5D552A936F80000F6DA8 /* ProductViewModel.swift */; };
		BD5A5D582A93793C000F6DA8 /* ProductProvider.swift in Sources */ = {isa = PBXBuildFile; fileRef = BD5A5D572A93793C000F6DA8 /* ProductProvider.swift */; };
/* End PBXBuildFile section */

/* Begin PBXFileReference section */
		BD40A5FC2A41AD8A002E0533 /* Fetcher.app */ = {isa = PBXFileReference; explicitFileType = wrapper.application; includeInIndex = 0; path = Fetcher.app; sourceTree = BUILT_PRODUCTS_DIR; };
		BD40A5FF2A41AD8A002E0533 /* AppDelegate.swift */ = {isa = PBXFileReference; lastKnownFileType = sourcecode.swift; path = AppDelegate.swift; sourceTree = "<group>"; };
		BD40A6032A41AD8A002E0533 /* ViewController.swift */ = {isa = PBXFileReference; lastKnownFileType = sourcecode.swift; path = ViewController.swift; sourceTree = "<group>"; };
		BD40A6082A41AD8B002E0533 /* Assets.xcassets */ = {isa = PBXFileReference; lastKnownFileType = folder.assetcatalog; path = Assets.xcassets; sourceTree = "<group>"; };
		BD40A60B2A41AD8B002E0533 /* Base */ = {isa = PBXFileReference; lastKnownFileType = file.storyboard; name = Base; path = Base.lproj/LaunchScreen.storyboard; sourceTree = "<group>"; };
		BD40A60D2A41AD8B002E0533 /* Info.plist */ = {isa = PBXFileReference; lastKnownFileType = text.plist.xml; path = Info.plist; sourceTree = "<group>"; };
		BD40A6132A41ADE2002E0533 /* Secrets.swift */ = {isa = PBXFileReference; lastKnownFileType = sourcecode.swift; path = Secrets.swift; sourceTree = "<group>"; };
		BD40A6162A41AF3B002E0533 /* ArticleList.swift */ = {isa = PBXFileReference; lastKnownFileType = sourcecode.swift; path = ArticleList.swift; sourceTree = "<group>"; };
		BD40A61E2A41B07A002E0533 /* HttpClient.swift */ = {isa = PBXFileReference; lastKnownFileType = sourcecode.swift; path = HttpClient.swift; sourceTree = "<group>"; };
		BD40A6212A41B0B9002E0533 /* LocalClient.swift */ = {isa = PBXFileReference; lastKnownFileType = sourcecode.swift; path = LocalClient.swift; sourceTree = "<group>"; };
		BD40A6232A41B17F002E0533 /* Status.swift */ = {isa = PBXFileReference; lastKnownFileType = sourcecode.swift; path = Status.swift; sourceTree = "<group>"; };
		BD40A6262A41B22B002E0533 /* Fetcher.swift */ = {isa = PBXFileReference; lastKnownFileType = sourcecode.swift; path = Fetcher.swift; sourceTree = "<group>"; };
		BD40A6282A41B2B4002E0533 /* Config.swift */ = {isa = PBXFileReference; lastKnownFileType = sourcecode.swift; path = Config.swift; sourceTree = "<group>"; };
		BD40A62B2A41C0AB002E0533 /* ArticleCell.swift */ = {isa = PBXFileReference; lastKnownFileType = sourcecode.swift; path = ArticleCell.swift; sourceTree = "<group>"; };
		BD5A5D372A90A0A7000F6DA8 /* Product.swift */ = {isa = PBXFileReference; lastKnownFileType = sourcecode.swift; path = Product.swift; sourceTree = "<group>"; };
		BD5A5D392A90A140000F6DA8 /* Networking.swift */ = {isa = PBXFileReference; lastKnownFileType = sourcecode.swift; path = Networking.swift; sourceTree = "<group>"; };
		BD5A5D432A935765000F6DA8 /* ProductCell.swift */ = {isa = PBXFileReference; lastKnownFileType = sourcecode.swift; path = ProductCell.swift; sourceTree = "<group>"; };
		BD5A5D472A935880000F6DA8 /* ProductAPI.swift */ = {isa = PBXFileReference; lastKnownFileType = sourcecode.swift; path = ProductAPI.swift; sourceTree = "<group>"; };
		BD5A5D492A93589C000F6DA8 /* ProductService.swift */ = {isa = PBXFileReference; lastKnownFileType = sourcecode.swift; path = ProductService.swift; sourceTree = "<group>"; };
		BD5A5D4E2A936003000F6DA8 /* ProductRemoteDataSource.swift */ = {isa = PBXFileReference; lastKnownFileType = sourcecode.swift; path = ProductRemoteDataSource.swift; sourceTree = "<group>"; };
		BD5A5D502A93600F000F6DA8 /* ProductRepository.swift */ = {isa = PBXFileReference; lastKnownFileType = sourcecode.swift; path = ProductRepository.swift; sourceTree = "<group>"; };
		BD5A5D522A936027000F6DA8 /* ProductLocalDataSource.swift */ = {isa = PBXFileReference; lastKnownFileType = sourcecode.swift; path = ProductLocalDataSource.swift; sourceTree = "<group>"; };
		BD5A5D552A936F80000F6DA8 /* ProductViewModel.swift */ = {isa = PBXFileReference; lastKnownFileType = sourcecode.swift; path = ProductViewModel.swift; sourceTree = "<group>"; };
		BD5A5D572A93793C000F6DA8 /* ProductProvider.swift */ = {isa = PBXFileReference; lastKnownFileType = sourcecode.swift; path = ProductProvider.swift; sourceTree = "<group>"; };
/* End PBXFileReference section */

/* Begin PBXFrameworksBuildPhase section */
		BD40A5F92A41AD8A002E0533 /* Frameworks */ = {
			isa = PBXFrameworksBuildPhase;
			buildActionMask = 2147483647;
			files = (
				BD40A61C2A41B06C002E0533 /* RxSwift in Frameworks */,
				BD40A61A2A41B06C002E0533 /* RxCocoa in Frameworks */,
				BD5A5D422A93560C000F6DA8 /* RxMoya in Frameworks */,
				BD5A5D402A93560C000F6DA8 /* Moya in Frameworks */,
			);
			runOnlyForDeploymentPostprocessing = 0;
		};
/* End PBXFrameworksBuildPhase section */

/* Begin PBXGroup section */
		BD40A5F32A41AD89002E0533 = {
			isa = PBXGroup;
			children = (
				BD40A5FE2A41AD8A002E0533 /* Fetcher */,
				BD40A5FD2A41AD8A002E0533 /* Products */,
			);
			sourceTree = "<group>";
		};
		BD40A5FD2A41AD8A002E0533 /* Products */ = {
			isa = PBXGroup;
			children = (
				BD40A5FC2A41AD8A002E0533 /* Fetcher.app */,
			);
			name = Products;
			sourceTree = "<group>";
		};
		BD40A5FE2A41AD8A002E0533 /* Fetcher */ = {
			isa = PBXGroup;
			children = (
				BD40A60D2A41AD8B002E0533 /* Info.plist */,
				BD40A6132A41ADE2002E0533 /* Secrets.swift */,
				BD5A5D462A935871000F6DA8 /* API */,
				BD5A5D4B2A9358D9000F6DA8 /* AppEntry */,
				BD5A5D4D2A935FF9000F6DA8 /* Data */,
				BD40A6252A41B225002E0533 /* Fetcher */,
				BD40A6152A41AE2E002E0533 /* Models */,
				BD40A61D2A41B073002E0533 /* Networking */,
				BD40A6202A41B09F002E0533 /* Persistence(Local) */,
				BD5A5D4C2A9358E9000F6DA8 /* Resource */,
				BD5A5D452A935867000F6DA8 /* Service */,
				BD5A5D542A936F78000F6DA8 /* ViewModel */,
				BD40A62A2A41C09D002E0533 /* Views */,
			);
			path = Fetcher;
			sourceTree = "<group>";
		};
		BD40A6152A41AE2E002E0533 /* Models */ = {
			isa = PBXGroup;
			children = (
				BD40A6162A41AF3B002E0533 /* ArticleList.swift */,
				BD40A6232A41B17F002E0533 /* Status.swift */,
				BD5A5D372A90A0A7000F6DA8 /* Product.swift */,
			);
			path = Models;
			sourceTree = "<group>";
		};
		BD40A61D2A41B073002E0533 /* Networking */ = {
			isa = PBXGroup;
			children = (
				BD40A6282A41B2B4002E0533 /* Config.swift */,
				BD40A61E2A41B07A002E0533 /* HttpClient.swift */,
				BD5A5D392A90A140000F6DA8 /* Networking.swift */,
			);
			path = Networking;
			sourceTree = "<group>";
		};
		BD40A6202A41B09F002E0533 /* Persistence(Local) */ = {
			isa = PBXGroup;
			children = (
				BD40A6212A41B0B9002E0533 /* LocalClient.swift */,
			);
			path = "Persistence(Local)";
			sourceTree = "<group>";
		};
		BD40A6252A41B225002E0533 /* Fetcher */ = {
			isa = PBXGroup;
			children = (
				BD40A6262A41B22B002E0533 /* Fetcher.swift */,
			);
			path = Fetcher;
			sourceTree = "<group>";
		};
		BD40A62A2A41C09D002E0533 /* Views */ = {
			isa = PBXGroup;
			children = (
				BD40A6032A41AD8A002E0533 /* ViewController.swift */,
				BD40A62B2A41C0AB002E0533 /* ArticleCell.swift */,
				BD5A5D432A935765000F6DA8 /* ProductCell.swift */,
			);
			path = Views;
			sourceTree = "<group>";
		};
		BD5A5D452A935867000F6DA8 /* Service */ = {
			isa = PBXGroup;
			children = (
				BD5A5D492A93589C000F6DA8 /* ProductService.swift */,
			);
			path = Service;
			sourceTree = "<group>";
		};
		BD5A5D462A935871000F6DA8 /* API */ = {
			isa = PBXGroup;
			children = (
				BD5A5D472A935880000F6DA8 /* ProductAPI.swift */,
			);
			path = API;
			sourceTree = "<group>";
		};
		BD5A5D4B2A9358D9000F6DA8 /* AppEntry */ = {
			isa = PBXGroup;
			children = (
				BD40A5FF2A41AD8A002E0533 /* AppDelegate.swift */,
			);
			path = AppEntry;
			sourceTree = "<group>";
		};
		BD5A5D4C2A9358E9000F6DA8 /* Resource */ = {
			isa = PBXGroup;
			children = (
				BD40A6082A41AD8B002E0533 /* Assets.xcassets */,
				BD40A60A2A41AD8B002E0533 /* LaunchScreen.storyboard */,
			);
			path = Resource;
			sourceTree = "<group>";
		};
		BD5A5D4D2A935FF9000F6DA8 /* Data */ = {
			isa = PBXGroup;
			children = (
				BD5A5D522A936027000F6DA8 /* ProductLocalDataSource.swift */,
				BD5A5D4E2A936003000F6DA8 /* ProductRemoteDataSource.swift */,
				BD5A5D502A93600F000F6DA8 /* ProductRepository.swift */,
				BD5A5D572A93793C000F6DA8 /* ProductProvider.swift */,
			);
			path = Data;
			sourceTree = "<group>";
		};
		BD5A5D542A936F78000F6DA8 /* ViewModel */ = {
			isa = PBXGroup;
			children = (
				BD5A5D552A936F80000F6DA8 /* ProductViewModel.swift */,
			);
			path = ViewModel;
			sourceTree = "<group>";
		};
/* End PBXGroup section */

/* Begin PBXNativeTarget section */
		BD40A5FB2A41AD8A002E0533 /* Fetcher */ = {
			isa = PBXNativeTarget;
			buildConfigurationList = BD40A6102A41AD8B002E0533 /* Build configuration list for PBXNativeTarget "Fetcher" */;
			buildPhases = (
				BD40A5F82A41AD8A002E0533 /* Sources */,
				BD40A5F92A41AD8A002E0533 /* Frameworks */,
				BD40A5FA2A41AD8A002E0533 /* Resources */,
			);
			buildRules = (
			);
			dependencies = (
			);
			name = Fetcher;
			packageProductDependencies = (
				BD40A6192A41B06C002E0533 /* RxCocoa */,
				BD40A61B2A41B06C002E0533 /* RxSwift */,
				BD5A5D3F2A93560C000F6DA8 /* Moya */,
				BD5A5D412A93560C000F6DA8 /* RxMoya */,
			);
			productName = Fetcher;
			productReference = BD40A5FC2A41AD8A002E0533 /* Fetcher.app */;
			productType = "com.apple.product-type.application";
		};
/* End PBXNativeTarget section */

/* Begin PBXProject section */
		BD40A5F42A41AD89002E0533 /* Project object */ = {
			isa = PBXProject;
			attributes = {
				BuildIndependentTargetsInParallel = 1;
				LastSwiftUpdateCheck = 1430;
				LastUpgradeCheck = 1430;
				TargetAttributes = {
					BD40A5FB2A41AD8A002E0533 = {
						CreatedOnToolsVersion = 14.3;
					};
				};
			};
			buildConfigurationList = BD40A5F72A41AD89002E0533 /* Build configuration list for PBXProject "Fetcher" */;
			compatibilityVersion = "Xcode 14.0";
			developmentRegion = en;
			hasScannedForEncodings = 0;
			knownRegions = (
				en,
				Base,
			);
			mainGroup = BD40A5F32A41AD89002E0533;
			packageReferences = (
				BD40A6182A41B06C002E0533 /* XCRemoteSwiftPackageReference "RxSwift" */,
				BD5A5D3E2A93560C000F6DA8 /* XCRemoteSwiftPackageReference "Moya" */,
			);
			productRefGroup = BD40A5FD2A41AD8A002E0533 /* Products */;
			projectDirPath = "";
			projectRoot = "";
			targets = (
				BD40A5FB2A41AD8A002E0533 /* Fetcher */,
			);
		};
/* End PBXProject section */

/* Begin PBXResourcesBuildPhase section */
		BD40A5FA2A41AD8A002E0533 /* Resources */ = {
			isa = PBXResourcesBuildPhase;
			buildActionMask = 2147483647;
			files = (
				BD40A60C2A41AD8B002E0533 /* LaunchScreen.storyboard in Resources */,
				BD40A6092A41AD8B002E0533 /* Assets.xcassets in Resources */,
			);
			runOnlyForDeploymentPostprocessing = 0;
		};
/* End PBXResourcesBuildPhase section */

/* Begin PBXSourcesBuildPhase section */
		BD40A5F82A41AD8A002E0533 /* Sources */ = {
			isa = PBXSourcesBuildPhase;
			buildActionMask = 2147483647;
			files = (
				BD5A5D4F2A936003000F6DA8 /* ProductRemoteDataSource.swift in Sources */,
				BD40A6042A41AD8A002E0533 /* ViewController.swift in Sources */,
				BD40A6172A41AF3B002E0533 /* ArticleList.swift in Sources */,
				BD40A6142A41ADE2002E0533 /* Secrets.swift in Sources */,
				BD5A5D582A93793C000F6DA8 /* ProductProvider.swift in Sources */,
				BD5A5D532A936027000F6DA8 /* ProductLocalDataSource.swift in Sources */,
				BD5A5D562A936F80000F6DA8 /* ProductViewModel.swift in Sources */,
				BD5A5D512A93600F000F6DA8 /* ProductRepository.swift in Sources */,
				BD5A5D3A2A90A140000F6DA8 /* Networking.swift in Sources */,
				BD5A5D442A935765000F6DA8 /* ProductCell.swift in Sources */,
				BD40A6242A41B17F002E0533 /* Status.swift in Sources */,
				BD40A6002A41AD8A002E0533 /* AppDelegate.swift in Sources */,
				BD5A5D382A90A0A7000F6DA8 /* Product.swift in Sources */,
				BD40A61F2A41B07A002E0533 /* HttpClient.swift in Sources */,
				BD40A6292A41B2B4002E0533 /* Config.swift in Sources */,
				BD5A5D482A935880000F6DA8 /* ProductAPI.swift in Sources */,
				BD40A6222A41B0B9002E0533 /* LocalClient.swift in Sources */,
				BD40A6272A41B22B002E0533 /* Fetcher.swift in Sources */,
				BD40A62C2A41C0AB002E0533 /* ArticleCell.swift in Sources */,
				BD5A5D4A2A93589C000F6DA8 /* ProductService.swift in Sources */,
			);
			runOnlyForDeploymentPostprocessing = 0;
		};
/* End PBXSourcesBuildPhase section */

/* Begin PBXVariantGroup section */
		BD40A60A2A41AD8B002E0533 /* LaunchScreen.storyboard */ = {
			isa = PBXVariantGroup;
			children = (
				BD40A60B2A41AD8B002E0533 /* Base */,
			);
			name = LaunchScreen.storyboard;
			sourceTree = "<group>";
		};
/* End PBXVariantGroup section */

/* Begin XCBuildConfiguration section */
		BD40A60E2A41AD8B002E0533 /* Debug */ = {
			isa = XCBuildConfiguration;
			buildSettings = {
				ALWAYS_SEARCH_USER_PATHS = NO;
				CLANG_ANALYZER_NONNULL = YES;
				CLANG_ANALYZER_NUMBER_OBJECT_CONVERSION = YES_AGGRESSIVE;
				CLANG_CXX_LANGUAGE_STANDARD = "gnu++20";
				CLANG_ENABLE_MODULES = YES;
				CLANG_ENABLE_OBJC_ARC = YES;
				CLANG_ENABLE_OBJC_WEAK = YES;
				CLANG_WARN_BLOCK_CAPTURE_AUTORELEASING = YES;
				CLANG_WARN_BOOL_CONVERSION = YES;
				CLANG_WARN_COMMA = YES;
				CLANG_WARN_CONSTANT_CONVERSION = YES;
				CLANG_WARN_DEPRECATED_OBJC_IMPLEMENTATIONS = YES;
				CLANG_WARN_DIRECT_OBJC_ISA_USAGE = YES_ERROR;
				CLANG_WARN_DOCUMENTATION_COMMENTS = YES;
				CLANG_WARN_EMPTY_BODY = YES;
				CLANG_WARN_ENUM_CONVERSION = YES;
				CLANG_WARN_INFINITE_RECURSION = YES;
				CLANG_WARN_INT_CONVERSION = YES;
				CLANG_WARN_NON_LITERAL_NULL_CONVERSION = YES;
				CLANG_WARN_OBJC_IMPLICIT_RETAIN_SELF = YES;
				CLANG_WARN_OBJC_LITERAL_CONVERSION = YES;
				CLANG_WARN_OBJC_ROOT_CLASS = YES_ERROR;
				CLANG_WARN_QUOTED_INCLUDE_IN_FRAMEWORK_HEADER = YES;
				CLANG_WARN_RANGE_LOOP_ANALYSIS = YES;
				CLANG_WARN_STRICT_PROTOTYPES = YES;
				CLANG_WARN_SUSPICIOUS_MOVE = YES;
				CLANG_WARN_UNGUARDED_AVAILABILITY = YES_AGGRESSIVE;
				CLANG_WARN_UNREACHABLE_CODE = YES;
				CLANG_WARN__DUPLICATE_METHOD_MATCH = YES;
				COPY_PHASE_STRIP = NO;
				DEBUG_INFORMATION_FORMAT = dwarf;
				ENABLE_STRICT_OBJC_MSGSEND = YES;
				ENABLE_TESTABILITY = YES;
				GCC_C_LANGUAGE_STANDARD = gnu11;
				GCC_DYNAMIC_NO_PIC = NO;
				GCC_NO_COMMON_BLOCKS = YES;
				GCC_OPTIMIZATION_LEVEL = 0;
				GCC_PREPROCESSOR_DEFINITIONS = (
					"DEBUG=1",
					"$(inherited)",
				);
				GCC_WARN_64_TO_32_BIT_CONVERSION = YES;
				GCC_WARN_ABOUT_RETURN_TYPE = YES_ERROR;
				GCC_WARN_UNDECLARED_SELECTOR = YES;
				GCC_WARN_UNINITIALIZED_AUTOS = YES_AGGRESSIVE;
				GCC_WARN_UNUSED_FUNCTION = YES;
				GCC_WARN_UNUSED_VARIABLE = YES;
				IPHONEOS_DEPLOYMENT_TARGET = 16.4;
				MTL_ENABLE_DEBUG_INFO = INCLUDE_SOURCE;
				MTL_FAST_MATH = YES;
				ONLY_ACTIVE_ARCH = YES;
				SDKROOT = iphoneos;
				SWIFT_ACTIVE_COMPILATION_CONDITIONS = DEBUG;
				SWIFT_OPTIMIZATION_LEVEL = "-Onone";
			};
			name = Debug;
		};
		BD40A60F2A41AD8B002E0533 /* Release */ = {
			isa = XCBuildConfiguration;
			buildSettings = {
				ALWAYS_SEARCH_USER_PATHS = NO;
				CLANG_ANALYZER_NONNULL = YES;
				CLANG_ANALYZER_NUMBER_OBJECT_CONVERSION = YES_AGGRESSIVE;
				CLANG_CXX_LANGUAGE_STANDARD = "gnu++20";
				CLANG_ENABLE_MODULES = YES;
				CLANG_ENABLE_OBJC_ARC = YES;
				CLANG_ENABLE_OBJC_WEAK = YES;
				CLANG_WARN_BLOCK_CAPTURE_AUTORELEASING = YES;
				CLANG_WARN_BOOL_CONVERSION = YES;
				CLANG_WARN_COMMA = YES;
				CLANG_WARN_CONSTANT_CONVERSION = YES;
				CLANG_WARN_DEPRECATED_OBJC_IMPLEMENTATIONS = YES;
				CLANG_WARN_DIRECT_OBJC_ISA_USAGE = YES_ERROR;
				CLANG_WARN_DOCUMENTATION_COMMENTS = YES;
				CLANG_WARN_EMPTY_BODY = YES;
				CLANG_WARN_ENUM_CONVERSION = YES;
				CLANG_WARN_INFINITE_RECURSION = YES;
				CLANG_WARN_INT_CONVERSION = YES;
				CLANG_WARN_NON_LITERAL_NULL_CONVERSION = YES;
				CLANG_WARN_OBJC_IMPLICIT_RETAIN_SELF = YES;
				CLANG_WARN_OBJC_LITERAL_CONVERSION = YES;
				CLANG_WARN_OBJC_ROOT_CLASS = YES_ERROR;
				CLANG_WARN_QUOTED_INCLUDE_IN_FRAMEWORK_HEADER = YES;
				CLANG_WARN_RANGE_LOOP_ANALYSIS = YES;
				CLANG_WARN_STRICT_PROTOTYPES = YES;
				CLANG_WARN_SUSPICIOUS_MOVE = YES;
				CLANG_WARN_UNGUARDED_AVAILABILITY = YES_AGGRESSIVE;
				CLANG_WARN_UNREACHABLE_CODE = YES;
				CLANG_WARN__DUPLICATE_METHOD_MATCH = YES;
				COPY_PHASE_STRIP = NO;
				DEBUG_INFORMATION_FORMAT = "dwarf-with-dsym";
				ENABLE_NS_ASSERTIONS = NO;
				ENABLE_STRICT_OBJC_MSGSEND = YES;
				GCC_C_LANGUAGE_STANDARD = gnu11;
				GCC_NO_COMMON_BLOCKS = YES;
				GCC_WARN_64_TO_32_BIT_CONVERSION = YES;
				GCC_WARN_ABOUT_RETURN_TYPE = YES_ERROR;
				GCC_WARN_UNDECLARED_SELECTOR = YES;
				GCC_WARN_UNINITIALIZED_AUTOS = YES_AGGRESSIVE;
				GCC_WARN_UNUSED_FUNCTION = YES;
				GCC_WARN_UNUSED_VARIABLE = YES;
				IPHONEOS_DEPLOYMENT_TARGET = 16.4;
				MTL_ENABLE_DEBUG_INFO = NO;
				MTL_FAST_MATH = YES;
				SDKROOT = iphoneos;
				SWIFT_COMPILATION_MODE = wholemodule;
				SWIFT_OPTIMIZATION_LEVEL = "-O";
				VALIDATE_PRODUCT = YES;
			};
			name = Release;
		};
		BD40A6112A41AD8B002E0533 /* Debug */ = {
			isa = XCBuildConfiguration;
			buildSettings = {
				ASSETCATALOG_COMPILER_APPICON_NAME = AppIcon;
				ASSETCATALOG_COMPILER_GLOBAL_ACCENT_COLOR_NAME = AccentColor;
				CODE_SIGN_STYLE = Automatic;
				CURRENT_PROJECT_VERSION = 1;
				DEVELOPMENT_TEAM = W7P3R7ZL78;
				GENERATE_INFOPLIST_FILE = YES;
				INFOPLIST_FILE = Fetcher/Info.plist;
				INFOPLIST_KEY_UIApplicationSupportsIndirectInputEvents = YES;
				INFOPLIST_KEY_UILaunchStoryboardName = LaunchScreen;
				INFOPLIST_KEY_UISupportedInterfaceOrientations = UIInterfaceOrientationPortrait;
				INFOPLIST_KEY_UISupportedInterfaceOrientations_iPad = "UIInterfaceOrientationLandscapeLeft UIInterfaceOrientationLandscapeRight UIInterfaceOrientationPortrait UIInterfaceOrientationPortraitUpsideDown";
				IPHONEOS_DEPLOYMENT_TARGET = 15.0;
				LD_RUNPATH_SEARCH_PATHS = (
					"$(inherited)",
					"@executable_path/Frameworks",
				);
				MARKETING_VERSION = 1.0;
				PRODUCT_BUNDLE_IDENTIFIER = com.taehyeon.dev.Fetcher;
				PRODUCT_NAME = "$(TARGET_NAME)";
				SUPPORTED_PLATFORMS = "iphoneos iphonesimulator";
				SUPPORTS_MACCATALYST = NO;
				SUPPORTS_MAC_DESIGNED_FOR_IPHONE_IPAD = YES;
				SWIFT_EMIT_LOC_STRINGS = YES;
				SWIFT_VERSION = 5.0;
				TARGETED_DEVICE_FAMILY = 1;
			};
			name = Debug;
		};
		BD40A6122A41AD8B002E0533 /* Release */ = {
			isa = XCBuildConfiguration;
			buildSettings = {
				ASSETCATALOG_COMPILER_APPICON_NAME = AppIcon;
				ASSETCATALOG_COMPILER_GLOBAL_ACCENT_COLOR_NAME = AccentColor;
				CODE_SIGN_STYLE = Automatic;
				CURRENT_PROJECT_VERSION = 1;
				DEVELOPMENT_TEAM = W7P3R7ZL78;
				GENERATE_INFOPLIST_FILE = YES;
				INFOPLIST_FILE = Fetcher/Info.plist;
				INFOPLIST_KEY_UIApplicationSupportsIndirectInputEvents = YES;
				INFOPLIST_KEY_UILaunchStoryboardName = LaunchScreen;
				INFOPLIST_KEY_UISupportedInterfaceOrientations = UIInterfaceOrientationPortrait;
				INFOPLIST_KEY_UISupportedInterfaceOrientations_iPad = "UIInterfaceOrientationLandscapeLeft UIInterfaceOrientationLandscapeRight UIInterfaceOrientationPortrait UIInterfaceOrientationPortraitUpsideDown";
				IPHONEOS_DEPLOYMENT_TARGET = 15.0;
				LD_RUNPATH_SEARCH_PATHS = (
					"$(inherited)",
					"@executable_path/Frameworks",
				);
				MARKETING_VERSION = 1.0;
				PRODUCT_BUNDLE_IDENTIFIER = com.taehyeon.dev.Fetcher;
				PRODUCT_NAME = "$(TARGET_NAME)";
				SUPPORTED_PLATFORMS = "iphoneos iphonesimulator";
				SUPPORTS_MACCATALYST = NO;
				SUPPORTS_MAC_DESIGNED_FOR_IPHONE_IPAD = YES;
				SWIFT_EMIT_LOC_STRINGS = YES;
				SWIFT_VERSION = 5.0;
				TARGETED_DEVICE_FAMILY = 1;
			};
			name = Release;
		};
/* End XCBuildConfiguration section */

/* Begin XCConfigurationList section */
		BD40A5F72A41AD89002E0533 /* Build configuration list for PBXProject "Fetcher" */ = {
			isa = XCConfigurationList;
			buildConfigurations = (
				BD40A60E2A41AD8B002E0533 /* Debug */,
				BD40A60F2A41AD8B002E0533 /* Release */,
			);
			defaultConfigurationIsVisible = 0;
			defaultConfigurationName = Release;
		};
		BD40A6102A41AD8B002E0533 /* Build configuration list for PBXNativeTarget "Fetcher" */ = {
			isa = XCConfigurationList;
			buildConfigurations = (
				BD40A6112A41AD8B002E0533 /* Debug */,
				BD40A6122A41AD8B002E0533 /* Release */,
			);
			defaultConfigurationIsVisible = 0;
			defaultConfigurationName = Release;
		};
/* End XCConfigurationList section */

/* Begin XCRemoteSwiftPackageReference section */
		BD40A6182A41B06C002E0533 /* XCRemoteSwiftPackageReference "RxSwift" */ = {
			isa = XCRemoteSwiftPackageReference;
			repositoryURL = "https://github.com/ReactiveX/RxSwift";
			requirement = {
				kind = upToNextMajorVersion;
				minimumVersion = 6.0.0;
			};
		};
		BD5A5D3E2A93560C000F6DA8 /* XCRemoteSwiftPackageReference "Moya" */ = {
			isa = XCRemoteSwiftPackageReference;
			repositoryURL = "https://github.com/Moya/Moya.git";
			requirement = {
				kind = upToNextMajorVersion;
				minimumVersion = 15.0.0;
			};
		};
/* End XCRemoteSwiftPackageReference section */

/* Begin XCSwiftPackageProductDependency section */
		BD40A6192A41B06C002E0533 /* RxCocoa */ = {
			isa = XCSwiftPackageProductDependency;
			package = BD40A6182A41B06C002E0533 /* XCRemoteSwiftPackageReference "RxSwift" */;
			productName = RxCocoa;
		};
		BD40A61B2A41B06C002E0533 /* RxSwift */ = {
			isa = XCSwiftPackageProductDependency;
			package = BD40A6182A41B06C002E0533 /* XCRemoteSwiftPackageReference "RxSwift" */;
			productName = RxSwift;
		};
		BD5A5D3F2A93560C000F6DA8 /* Moya */ = {
			isa = XCSwiftPackageProductDependency;
			package = BD5A5D3E2A93560C000F6DA8 /* XCRemoteSwiftPackageReference "Moya" */;
			productName = Moya;
		};
		BD5A5D412A93560C000F6DA8 /* RxMoya */ = {
			isa = XCSwiftPackageProductDependency;
			package = BD5A5D3E2A93560C000F6DA8 /* XCRemoteSwiftPackageReference "Moya" */;
			productName = RxMoya;
		};
/* End XCSwiftPackageProductDependency section */
	};
	rootObject = BD40A5F42A41AD89002E0533 /* Project object */;
}
